{
  "requires": true,
  "lockfileVersion": 1,
  "dependencies": {
    "react-semantic-ui-range": {
      "version": "0.7.0",
      "resolved": "https://registry.npmjs.org/react-semantic-ui-range/-/react-semantic-ui-range-0.7.0.tgz",
      "integrity": "sha512-1Y0GakHM+9gvEpPDbzRFvwHsmPtTRH0lLEAx2Ho2rhH9q7S+goTjgHlEUXlvXS/WbBtwVDqfpzXSj+JO8p0nmQ=="
    }
  }
}
